
Microsoft Visual Studio Solution File, Format Version 12.00
# Visual Studio Version 17
VisualStudioVersion = 17.11.35303.130
MinimumVisualStudioVersion = 10.0.40219.1
Project("{9A19103F-16F7-4668-BE54-9A1E7A4F7556}") = "BlindBoxSystem", "BlindBoxSystem.csproj", "{9EF78D27-A5CE-4AE9-AEBC-A2E7EDE775A9}"
EndProject
Global
	GlobalSection(SolutionConfigurationPlatforms) = preSolution
		Debug|Any CPU = Debug|Any CPU
		Release|Any CPU = Release|Any CPU
	EndGlobalSection
	GlobalSection(ProjectConfigurationPlatforms) = postSolution
		{9EF78D27-A5CE-4AE9-AEBC-A2E7EDE775A9}.Debug|Any CPU.ActiveCfg = Debug|Any CPU
		{9EF78D27-A5CE-4AE9-AEBC-A2E7EDE775A9}.Debug|Any CPU.Build.0 = Debug|Any CPU
		{9EF78D27-A5CE-4AE9-AEBC-A2E7EDE775A9}.Release|Any CPU.ActiveCfg = Release|Any CPU
		{9EF78D27-A5CE-4AE9-AEBC-A2E7EDE775A9}.Release|Any CPU.Build.0 = Release|Any CPU
	EndGlobalSection
	GlobalSection(SolutionProperties) = preSolution
		HideSolutionNode = FALSE
	EndGlobalSection
	GlobalSection(ExtensibilityGlobals) = postSolution
		SolutionGuid = {DEBDA14E-804D-4CB2-904D-D6661C37CAAC}
	EndGlobalSection
EndGlobal
